
Microsoft Visual Studio Solution File, Format Version 12.00
# Visual Studio 15
VisualStudioVersion = 15.0.28010.2050
MinimumVisualStudioVersion = 10.0.40219.1
Project("{FAE04EC0-301F-11D3-BF4B-00C04F79EFBC}") = "Music Nepal", "Music Nepal\Music Nepal.csproj", "{8AC19BA9-5349-4518-83D2-EDCB675FE710}"
EndProject
Global
	GlobalSection(SolutionConfigurationPlatforms) = preSolution
		Debug|Any CPU = Debug|Any CPU
		Release|Any CPU = Release|Any CPU
	EndGlobalSection
	GlobalSection(ProjectConfigurationPlatforms) = postSolution
		{8AC19BA9-5349-4518-83D2-EDCB675FE710}.Debug|Any CPU.ActiveCfg = Debug|Any CPU
		{8AC19BA9-5349-4518-83D2-EDCB675FE710}.Debug|Any CPU.Build.0 = Debug|Any CPU
		{8AC19BA9-5349-4518-83D2-EDCB675FE710}.Release|Any CPU.ActiveCfg = Release|Any CPU
		{8AC19BA9-5349-4518-83D2-EDCB675FE710}.Release|Any CPU.Build.0 = Release|Any CPU
	EndGlobalSection
	GlobalSection(SolutionProperties) = preSolution
		HideSolutionNode = FALSE
	EndGlobalSection
	GlobalSection(ExtensibilityGlobals) = postSolution
		SolutionGuid = {0AFCA001-AD05-45E4-AB7A-DA4340E104D1}
	EndGlobalSection
EndGlobal
